
Microsoft Visual Studio Solution File, Format Version 12.00
# Visual Studio Version 16
VisualStudioVersion = 16.0.32002.261
MinimumVisualStudioVersion = 10.0.40219.1
Project("{FAE04EC0-301F-11D3-BF4B-00C04F79EFBC}") = "LibraryWebApp", "WebApplicationExample\LibraryWebApp.csproj", "{2B3098BD-0E2D-4391-9FC9-874C3C1A8B3A}"
EndProject
Project("{FAE04EC0-301F-11D3-BF4B-00C04F79EFBC}") = "LibraryCommon", "ExampleCommon\LibraryCommon.csproj", "{45D23A74-1193-4B78-BFF8-537A132E53DB}"
EndProject
Project("{FAE04EC0-301F-11D3-BF4B-00C04F79EFBC}") = "LibraryBusinessLogicLayer", "BusinessLayerExample\LibraryBusinessLogicLayer.csproj", "{C65A551F-EC46-49C4-8A93-AB993527F690}"
EndProject
Project("{FAE04EC0-301F-11D3-BF4B-00C04F79EFBC}") = "LibraryDatabaseAccessLayer", "DatabaseLayerExample\LibraryDatabaseAccessLayer.csproj", "{75E10265-C1F9-4E09-B93C-88C01050623B}"
EndProject
Project("{FAE04EC0-301F-11D3-BF4B-00C04F79EFBC}") = "LibraryUnitTest", "UnitTestExample\LibraryUnitTest.csproj", "{C1A6BEAF-94C4-4FD5-9609-26C2E50BC54E}"
EndProject
Project("{2150E333-8FDC-42A3-9474-1A3956D46DE8}") = "sqlscripts", "sqlscripts", "{3842B399-557A-4ED5-A16C-C3F674A6572C}"
	ProjectSection(SolutionItems) = preProject
		sqlscripts\library_schema_and_data.sql = sqlscripts\library_schema_and_data.sql
	EndProjectSection
EndProject
Global
	GlobalSection(SolutionConfigurationPlatforms) = preSolution
		Debug|Any CPU = Debug|Any CPU
		Release|Any CPU = Release|Any CPU
	EndGlobalSection
	GlobalSection(ProjectConfigurationPlatforms) = postSolution
		{2B3098BD-0E2D-4391-9FC9-874C3C1A8B3A}.Debug|Any CPU.ActiveCfg = Debug|Any CPU
		{2B3098BD-0E2D-4391-9FC9-874C3C1A8B3A}.Debug|Any CPU.Build.0 = Debug|Any CPU
		{2B3098BD-0E2D-4391-9FC9-874C3C1A8B3A}.Release|Any CPU.ActiveCfg = Release|Any CPU
		{2B3098BD-0E2D-4391-9FC9-874C3C1A8B3A}.Release|Any CPU.Build.0 = Release|Any CPU
		{45D23A74-1193-4B78-BFF8-537A132E53DB}.Debug|Any CPU.ActiveCfg = Debug|Any CPU
		{45D23A74-1193-4B78-BFF8-537A132E53DB}.Debug|Any CPU.Build.0 = Debug|Any CPU
		{45D23A74-1193-4B78-BFF8-537A132E53DB}.Release|Any CPU.ActiveCfg = Release|Any CPU
		{45D23A74-1193-4B78-BFF8-537A132E53DB}.Release|Any CPU.Build.0 = Release|Any CPU
		{C65A551F-EC46-49C4-8A93-AB993527F690}.Debug|Any CPU.ActiveCfg = Debug|Any CPU
		{C65A551F-EC46-49C4-8A93-AB993527F690}.Debug|Any CPU.Build.0 = Debug|Any CPU
		{C65A551F-EC46-49C4-8A93-AB993527F690}.Release|Any CPU.ActiveCfg = Release|Any CPU
		{C65A551F-EC46-49C4-8A93-AB993527F690}.Release|Any CPU.Build.0 = Release|Any CPU
		{75E10265-C1F9-4E09-B93C-88C01050623B}.Debug|Any CPU.ActiveCfg = Debug|Any CPU
		{75E10265-C1F9-4E09-B93C-88C01050623B}.Debug|Any CPU.Build.0 = Debug|Any CPU
		{75E10265-C1F9-4E09-B93C-88C01050623B}.Release|Any CPU.ActiveCfg = Release|Any CPU
		{75E10265-C1F9-4E09-B93C-88C01050623B}.Release|Any CPU.Build.0 = Release|Any CPU
		{C1A6BEAF-94C4-4FD5-9609-26C2E50BC54E}.Debug|Any CPU.ActiveCfg = Debug|Any CPU
		{C1A6BEAF-94C4-4FD5-9609-26C2E50BC54E}.Debug|Any CPU.Build.0 = Debug|Any CPU
		{C1A6BEAF-94C4-4FD5-9609-26C2E50BC54E}.Release|Any CPU.ActiveCfg = Release|Any CPU
		{C1A6BEAF-94C4-4FD5-9609-26C2E50BC54E}.Release|Any CPU.Build.0 = Release|Any CPU
	EndGlobalSection
	GlobalSection(SolutionProperties) = preSolution
		HideSolutionNode = FALSE
	EndGlobalSection
	GlobalSection(ExtensibilityGlobals) = postSolution
		SolutionGuid = {96F1F505-EA81-4E47-931F-98BB011709AB}
	EndGlobalSection
EndGlobal
